// !$*UTF8*$!
{
	archiveVersion = 1;
	classes = {
	};
	objectVersion = 46;
	objects = {

/* Begin PBXBuildFile section */
		18CD65B019B84C1D00263695 /* Foundation.framework in Frameworks */ = {isa = PBXBuildFile; fileRef = 18CD65AF19B84C1D00263695 /* Foundation.framework */; };
		18CD65B219B84C1D00263695 /* CoreGraphics.framework in Frameworks */ = {isa = PBXBuildFile; fileRef = 18CD65B119B84C1D00263695 /* CoreGraphics.framework */; };
		18CD65B419B84C1D00263695 /* UIKit.framework in Frameworks */ = {isa = PBXBuildFile; fileRef = 18CD65B319B84C1D00263695 /* UIKit.framework */; };
		18CD65BA19B84C1D00263695 /* InfoPlist.strings in Resources */ = {isa = PBXBuildFile; fileRef = 18CD65B819B84C1D00263695 /* InfoPlist.strings */; };
		18CD65BC19B84C1D00263695 /* main.m in Sources */ = {isa = PBXBuildFile; fileRef = 18CD65BB19B84C1D00263695 /* main.m */; };
		18CD65C019B84C1D00263695 /* HMAppDelegate.m in Sources */ = {isa = PBXBuildFile; fileRef = 18CD65BF19B84C1D00263695 /* HMAppDelegate.m */; };
		18CD65C319B84C1D00263695 /* Main.storyboard in Resources */ = {isa = PBXBuildFile; fileRef = 18CD65C119B84C1D00263695 /* Main.storyboard */; };
		18CD65C619B84C1D00263695 /* HMViewController.m in Sources */ = {isa = PBXBuildFile; fileRef = 18CD65C519B84C1D00263695 /* HMViewController.m */; };
		18CD65C819B84C1D00263695 /* Images.xcassets in Resources */ = {isa = PBXBuildFile; fileRef = 18CD65C719B84C1D00263695 /* Images.xcassets */; };
		18CD65CF19B84C1D00263695 /* XCTest.framework in Frameworks */ = {isa = PBXBuildFile; fileRef = 18CD65CE19B84C1D00263695 /* XCTest.framework */; };
		18CD65D019B84C1D00263695 /* Foundation.framework in Frameworks */ = {isa = PBXBuildFile; fileRef = 18CD65AF19B84C1D00263695 /* Foundation.framework */; };
		18CD65D119B84C1D00263695 /* UIKit.framework in Frameworks */ = {isa = PBXBuildFile; fileRef = 18CD65B319B84C1D00263695 /* UIKit.framework */; };
		18CD65D919B84C1D00263695 /* InfoPlist.strings in Resources */ = {isa = PBXBuildFile; fileRef = 18CD65D719B84C1D00263695 /* InfoPlist.strings */; };
		18CD65DB19B84C1D00263695 /* _6___Tests.m in Sources */ = {isa = PBXBuildFile; fileRef = 18CD65DA19B84C1D00263695 /* _6___Tests.m */; };
		18CD65E619B8506300263695 /* HMPaintView.m in Sources */ = {isa = PBXBuildFile; fileRef = 18CD65E519B8506300263695 /* HMPaintView.m */; };
		18CD662A19B859EC00263695 /* HMPaintPath.m in Sources */ = {isa = PBXBuildFile; fileRef = 18CD662919B859EC00263695 /* HMPaintPath.m */; };
		18CD663119B85DD400263695 /* MBProgressHUD+MJ.m in Sources */ = {isa = PBXBuildFile; fileRef = 18CD662D19B85DD400263695 /* MBProgressHUD+MJ.m */; };
		18CD663219B85DD400263695 /* MBProgressHUD.bundle in Resources */ = {isa = PBXBuildFile; fileRef = 18CD662E19B85DD400263695 /* MBProgressHUD.bundle */; };
		18CD663319B85DD400263695 /* MBProgressHUD.m in Sources */ = {isa = PBXBuildFile; fileRef = 18CD663019B85DD400263695 /* MBProgressHUD.m */; };
		18CD663619B8628D00263695 /* HMHandleImageView.m in Sources */ = {isa = PBXBuildFile; fileRef = 18CD663519B8628D00263695 /* HMHandleImageView.m */; };
		18CD663919B8652800263695 /* UIImage+Tool.m in Sources */ = {isa = PBXBuildFile; fileRef = 18CD663819B8652800263695 /* UIImage+Tool.m */; };
/* End PBXBuildFile section */

/* Begin PBXContainerItemProxy section */
		18CD65D219B84C1D00263695 /* PBXContainerItemProxy */ = {
			isa = PBXContainerItemProxy;
			containerPortal = 18CD65A419B84C1D00263695 /* Project object */;
			proxyType = 1;
			remoteGlobalIDString = 18CD65AB19B84C1D00263695;
			remoteInfo = "06-画板";
		};
/* End PBXContainerItemProxy section */

/* Begin PBXFileReference section */
		18CD65AC19B84C1D00263695 /* 06-画板.app */ = {isa = PBXFileReference; explicitFileType = wrapper.application; includeInIndex = 0; path = "06-画板.app"; sourceTree = BUILT_PRODUCTS_DIR; };
		18CD65AF19B84C1D00263695 /* Foundation.framework */ = {isa = PBXFileReference; lastKnownFileType = wrapper.framework; name = Foundation.framework; path = System/Library/Frameworks/Foundation.framework; sourceTree = SDKROOT; };
		18CD65B119B84C1D00263695 /* CoreGraphics.framework */ = {isa = PBXFileReference; lastKnownFileType = wrapper.framework; name = CoreGraphics.framework; path = System/Library/Frameworks/CoreGraphics.framework; sourceTree = SDKROOT; };
		18CD65B319B84C1D00263695 /* UIKit.framework */ = {isa = PBXFileReference; lastKnownFileType = wrapper.framework; name = UIKit.framework; path = System/Library/Frameworks/UIKit.framework; sourceTree = SDKROOT; };
		18CD65B719B84C1D00263695 /* 06-画板-Info.plist */ = {isa = PBXFileReference; lastKnownFileType = text.plist.xml; path = "06-画板-Info.plist"; sourceTree = "<group>"; };
		18CD65B919B84C1D00263695 /* en */ = {isa = PBXFileReference; lastKnownFileType = text.plist.strings; name = en; path = en.lproj/InfoPlist.strings; sourceTree = "<group>"; };
		18CD65BB19B84C1D00263695 /* main.m */ = {isa = PBXFileReference; lastKnownFileType = sourcecode.c.objc; path = main.m; sourceTree = "<group>"; };
		18CD65BD19B84C1D00263695 /* 06-画板-Prefix.pch */ = {isa = PBXFileReference; lastKnownFileType = sourcecode.c.h; path = "06-画板-Prefix.pch"; sourceTree = "<group>"; };
		18CD65BE19B84C1D00263695 /* HMAppDelegate.h */ = {isa = PBXFileReference; lastKnownFileType = sourcecode.c.h; path = HMAppDelegate.h; sourceTree = "<group>"; };
		18CD65BF19B84C1D00263695 /* HMAppDelegate.m */ = {isa = PBXFileReference; lastKnownFileType = sourcecode.c.objc; path = HMAppDelegate.m; sourceTree = "<group>"; };
		18CD65C219B84C1D00263695 /* Base */ = {isa = PBXFileReference; lastKnownFileType = file.storyboard; name = Base; path = Base.lproj/Main.storyboard; sourceTree = "<group>"; };
		18CD65C419B84C1D00263695 /* HMViewController.h */ = {isa = PBXFileReference; lastKnownFileType = sourcecode.c.h; path = HMViewController.h; sourceTree = "<group>"; };
		18CD65C519B84C1D00263695 /* HMViewController.m */ = {isa = PBXFileReference; lastKnownFileType = sourcecode.c.objc; path = HMViewController.m; sourceTree = "<group>"; };
		18CD65C719B84C1D00263695 /* Images.xcassets */ = {isa = PBXFileReference; lastKnownFileType = folder.assetcatalog; path = Images.xcassets; sourceTree = "<group>"; };
		18CD65CD19B84C1D00263695 /* 06-画板Tests.xctest */ = {isa = PBXFileReference; explicitFileType = wrapper.cfbundle; includeInIndex = 0; path = "06-画板Tests.xctest"; sourceTree = BUILT_PRODUCTS_DIR; };
		18CD65CE19B84C1D00263695 /* XCTest.framework */ = {isa = PBXFileReference; lastKnownFileType = wrapper.framework; name = XCTest.framework; path = Library/Frameworks/XCTest.framework; sourceTree = DEVELOPER_DIR; };
		18CD65D619B84C1D00263695 /* 06-画板Tests-Info.plist */ = {isa = PBXFileReference; lastKnownFileType = text.plist.xml; path = "06-画板Tests-Info.plist"; sourceTree = "<group>"; };
		18CD65D819B84C1D00263695 /* en */ = {isa = PBXFileReference; lastKnownFileType = text.plist.strings; name = en; path = en.lproj/InfoPlist.strings; sourceTree = "<group>"; };
		18CD65DA19B84C1D00263695 /* _6___Tests.m */ = {isa = PBXFileReference; lastKnownFileType = sourcecode.c.objc; path = "_6___Tests.m"; sourceTree = "<group>"; };
		18CD65E419B8506300263695 /* HMPaintView.h */ = {isa = PBXFileReference; fileEncoding = 4; lastKnownFileType = sourcecode.c.h; path = HMPaintView.h; sourceTree = "<group>"; };
		18CD65E519B8506300263695 /* HMPaintView.m */ = {isa = PBXFileReference; fileEncoding = 4; lastKnownFileType = sourcecode.c.objc; path = HMPaintView.m; sourceTree = "<group>"; };
		18CD662819B859EC00263695 /* HMPaintPath.h */ = {isa = PBXFileReference; fileEncoding = 4; lastKnownFileType = sourcecode.c.h; path = HMPaintPath.h; sourceTree = "<group>"; };
		18CD662919B859EC00263695 /* HMPaintPath.m */ = {isa = PBXFileReference; fileEncoding = 4; lastKnownFileType = sourcecode.c.objc; path = HMPaintPath.m; sourceTree = "<group>"; };
		18CD662C19B85DD400263695 /* MBProgressHUD+MJ.h */ = {isa = PBXFileReference; fileEncoding = 4; lastKnownFileType = sourcecode.c.h; path = "MBProgressHUD+MJ.h"; sourceTree = "<group>"; };
		18CD662D19B85DD400263695 /* MBProgressHUD+MJ.m */ = {isa = PBXFileReference; fileEncoding = 4; lastKnownFileType = sourcecode.c.objc; path = "MBProgressHUD+MJ.m"; sourceTree = "<group>"; };
		18CD662E19B85DD400263695 /* MBProgressHUD.bundle */ = {isa = PBXFileReference; lastKnownFileType = "wrapper.plug-in"; path = MBProgressHUD.bundle; sourceTree = "<group>"; };
		18CD662F19B85DD400263695 /* MBProgressHUD.h */ = {isa = PBXFileReference; fileEncoding = 4; lastKnownFileType = sourcecode.c.h; path = MBProgressHUD.h; sourceTree = "<group>"; };
		18CD663019B85DD400263695 /* MBProgressHUD.m */ = {isa = PBXFileReference; fileEncoding = 4; lastKnownFileType = sourcecode.c.objc; path = MBProgressHUD.m; sourceTree = "<group>"; };
		18CD663419B8628D00263695 /* HMHandleImageView.h */ = {isa = PBXFileReference; fileEncoding = 4; lastKnownFileType = sourcecode.c.h; path = HMHandleImageView.h; sourceTree = "<group>"; };
		18CD663519B8628D00263695 /* HMHandleImageView.m */ = {isa = PBXFileReference; fileEncoding = 4; lastKnownFileType = sourcecode.c.objc; path = HMHandleImageView.m; sourceTree = "<group>"; };
		18CD663719B8652800263695 /* UIImage+Tool.h */ = {isa = PBXFileReference; fileEncoding = 4; lastKnownFileType = sourcecode.c.h; path = "UIImage+Tool.h"; sourceTree = "<group>"; };
		18CD663819B8652800263695 /* UIImage+Tool.m */ = {isa = PBXFileReference; fileEncoding = 4; lastKnownFileType = sourcecode.c.objc; path = "UIImage+Tool.m"; sourceTree = "<group>"; };
/* End PBXFileReference section */

/* Begin PBXFrameworksBuildPhase section */
		18CD65A919B84C1D00263695 /* Frameworks */ = {
			isa = PBXFrameworksBuildPhase;
			buildActionMask = 2147483647;
			files = (
				18CD65B219B84C1D00263695 /* CoreGraphics.framework in Frameworks */,
				18CD65B419B84C1D00263695 /* UIKit.framework in Frameworks */,
				18CD65B019B84C1D00263695 /* Foundation.framework in Frameworks */,
			);
			runOnlyForDeploymentPostprocessing = 0;
		};
		18CD65CA19B84C1D00263695 /* Frameworks */ = {
			isa = PBXFrameworksBuildPhase;
			buildActionMask = 2147483647;
			files = (
				18CD65CF19B84C1D00263695 /* XCTest.framework in Frameworks */,
				18CD65D119B84C1D00263695 /* UIKit.framework in Frameworks */,
				18CD65D019B84C1D00263695 /* Foundation.framework in Frameworks */,
			);
			runOnlyForDeploymentPostprocessing = 0;
		};
/* End PBXFrameworksBuildPhase section */

/* Begin PBXGroup section */
		18CD65A319B84C1D00263695 = {
			isa = PBXGroup;
			children = (
				18CD65B519B84C1D00263695 /* 06-画板 */,
				18CD65D419B84C1D00263695 /* 06-画板Tests */,
				18CD65AE19B84C1D00263695 /* Frameworks */,
				18CD65AD19B84C1D00263695 /* Products */,
			);
			sourceTree = "<group>";
		};
		18CD65AD19B84C1D00263695 /* Products */ = {
			isa = PBXGroup;
			children = (
				18CD65AC19B84C1D00263695 /* 06-画板.app */,
				18CD65CD19B84C1D00263695 /* 06-画板Tests.xctest */,
			);
			name = Products;
			sourceTree = "<group>";
		};
		18CD65AE19B84C1D00263695 /* Frameworks */ = {
			isa = PBXGroup;
			children = (
				18CD65AF19B84C1D00263695 /* Foundation.framework */,
				18CD65B119B84C1D00263695 /* CoreGraphics.framework */,
				18CD65B319B84C1D00263695 /* UIKit.framework */,
				18CD65CE19B84C1D00263695 /* XCTest.framework */,
			);
			name = Frameworks;
			sourceTree = "<group>";
		};
		18CD65B519B84C1D00263695 /* 06-画板 */ = {
			isa = PBXGroup;
			children = (
				18CD662B19B85DD400263695 /* MBProgressHUD */,
				18CD65BE19B84C1D00263695 /* HMAppDelegate.h */,
				18CD65BF19B84C1D00263695 /* HMAppDelegate.m */,
				18CD65C119B84C1D00263695 /* Main.storyboard */,
				18CD65E419B8506300263695 /* HMPaintView.h */,
				18CD65E519B8506300263695 /* HMPaintView.m */,
				18CD663419B8628D00263695 /* HMHandleImageView.h */,
				18CD663519B8628D00263695 /* HMHandleImageView.m */,
				18CD662819B859EC00263695 /* HMPaintPath.h */,
				18CD662919B859EC00263695 /* HMPaintPath.m */,
				18CD65C419B84C1D00263695 /* HMViewController.h */,
				18CD65C519B84C1D00263695 /* HMViewController.m */,
				18CD65C719B84C1D00263695 /* Images.xcassets */,
				18CD65B619B84C1D00263695 /* Supporting Files */,
			);
			path = "06-画板";
			sourceTree = "<group>";
		};
		18CD65B619B84C1D00263695 /* Supporting Files */ = {
			isa = PBXGroup;
			children = (
				18CD65B719B84C1D00263695 /* 06-画板-Info.plist */,
				18CD65B819B84C1D00263695 /* InfoPlist.strings */,
				18CD65BB19B84C1D00263695 /* main.m */,
				18CD65BD19B84C1D00263695 /* 06-画板-Prefix.pch */,
			);
			name = "Supporting Files";
			sourceTree = "<group>";
		};
		18CD65D419B84C1D00263695 /* 06-画板Tests */ = {
			isa = PBXGroup;
			children = (
				18CD65DA19B84C1D00263695 /* _6___Tests.m */,
				18CD65D519B84C1D00263695 /* Supporting Files */,
			);
			path = "06-画板Tests";
			sourceTree = "<group>";
		};
		18CD65D519B84C1D00263695 /* Supporting Files */ = {
			isa = PBXGroup;
			children = (
				18CD65D619B84C1D00263695 /* 06-画板Tests-Info.plist */,
				18CD65D719B84C1D00263695 /* InfoPlist.strings */,
			);
			name = "Supporting Files";
			sourceTree = "<group>";
		};
		18CD662B19B85DD400263695 /* MBProgressHUD */ = {
			isa = PBXGroup;
			children = (
				18CD663719B8652800263695 /* UIImage+Tool.h */,
				18CD663819B8652800263695 /* UIImage+Tool.m */,
				18CD662C19B85DD400263695 /* MBProgressHUD+MJ.h */,
				18CD662D19B85DD400263695 /* MBProgressHUD+MJ.m */,
				18CD662E19B85DD400263695 /* MBProgressHUD.bundle */,
				18CD662F19B85DD400263695 /* MBProgressHUD.h */,
				18CD663019B85DD400263695 /* MBProgressHUD.m */,
			);
			path = MBProgressHUD;
			sourceTree = "<group>";
		};
/* End PBXGroup section */

/* Begin PBXNativeTarget section */
		18CD65AB19B84C1D00263695 /* 06-画板 */ = {
			isa = PBXNativeTarget;
			buildConfigurationList = 18CD65DE19B84C1D00263695 /* Build configuration list for PBXNativeTarget "06-画板" */;
			buildPhases = (
				18CD65A819B84C1D00263695 /* Sources */,
				18CD65A919B84C1D00263695 /* Frameworks */,
				18CD65AA19B84C1D00263695 /* Resources */,
			);
			buildRules = (
			);
			dependencies = (
			);
			name = "06-画板";
			productName = "06-画板";
			productReference = 18CD65AC19B84C1D00263695 /* 06-画板.app */;
			productType = "com.apple.product-type.application";
		};
		18CD65CC19B84C1D00263695 /* 06-画板Tests */ = {
			isa = PBXNativeTarget;
			buildConfigurationList = 18CD65E119B84C1D00263695 /* Build configuration list for PBXNativeTarget "06-画板Tests" */;
			buildPhases = (
				18CD65C919B84C1D00263695 /* Sources */,
				18CD65CA19B84C1D00263695 /* Frameworks */,
				18CD65CB19B84C1D00263695 /* Resources */,
			);
			buildRules = (
			);
			dependencies = (
				18CD65D319B84C1D00263695 /* PBXTargetDependency */,
			);
			name = "06-画板Tests";
			productName = "06-画板Tests";
			productReference = 18CD65CD19B84C1D00263695 /* 06-画板Tests.xctest */;
			productType = "com.apple.product-type.bundle.unit-test";
		};
/* End PBXNativeTarget section */

/* Begin PBXProject section */
		18CD65A419B84C1D00263695 /* Project object */ = {
			isa = PBXProject;
			attributes = {
				CLASSPREFIX = HM;
				LastUpgradeCheck = 0510;
				ORGANIZATIONNAME = itcast;
				TargetAttributes = {
					18CD65CC19B84C1D00263695 = {
						TestTargetID = 18CD65AB19B84C1D00263695;
					};
				};
			};
			buildConfigurationList = 18CD65A719B84C1D00263695 /* Build configuration list for PBXProject "06-画板" */;
			compatibilityVersion = "Xcode 3.2";
			developmentRegion = English;
			hasScannedForEncodings = 0;
			knownRegions = (
				en,
				Base,
			);
			mainGroup = 18CD65A319B84C1D00263695;
			productRefGroup = 18CD65AD19B84C1D00263695 /* Products */;
			projectDirPath = "";
			projectRoot = "";
			targets = (
				18CD65AB19B84C1D00263695 /* 06-画板 */,
				18CD65CC19B84C1D00263695 /* 06-画板Tests */,
			);
		};
/* End PBXProject section */

/* Begin PBXResourcesBuildPhase section */
		18CD65AA19B84C1D00263695 /* Resources */ = {
			isa = PBXResourcesBuildPhase;
			buildActionMask = 2147483647;
			files = (
				18CD65C819B84C1D00263695 /* Images.xcassets in Resources */,
				18CD663219B85DD400263695 /* MBProgressHUD.bundle in Resources */,
				18CD65BA19B84C1D00263695 /* InfoPlist.strings in Resources */,
				18CD65C319B84C1D00263695 /* Main.storyboard in Resources */,
			);
			runOnlyForDeploymentPostprocessing = 0;
		};
		18CD65CB19B84C1D00263695 /* Resources */ = {
			isa = PBXResourcesBuildPhase;
			buildActionMask = 2147483647;
			files = (
				18CD65D919B84C1D00263695 /* InfoPlist.strings in Resources */,
			);
			runOnlyForDeploymentPostprocessing = 0;
		};
/* End PBXResourcesBuildPhase section */

/* Begin PBXSourcesBuildPhase section */
		18CD65A819B84C1D00263695 /* Sources */ = {
			isa = PBXSourcesBuildPhase;
			buildActionMask = 2147483647;
			files = (
				18CD663119B85DD400263695 /* MBProgressHUD+MJ.m in Sources */,
				18CD65E619B8506300263695 /* HMPaintView.m in Sources */,
				18CD65C619B84C1D00263695 /* HMViewController.m in Sources */,
				18CD65BC19B84C1D00263695 /* main.m in Sources */,
				18CD65C019B84C1D00263695 /* HMAppDelegate.m in Sources */,
				18CD663619B8628D00263695 /* HMHandleImageView.m in Sources */,
				18CD663919B8652800263695 /* UIImage+Tool.m in Sources */,
				18CD662A19B859EC00263695 /* HMPaintPath.m in Sources */,
				18CD663319B85DD400263695 /* MBProgressHUD.m in Sources */,
			);
			runOnlyForDeploymentPostprocessing = 0;
		};
		18CD65C919B84C1D00263695 /* Sources */ = {
			isa = PBXSourcesBuildPhase;
			buildActionMask = 2147483647;
			files = (
				18CD65DB19B84C1D00263695 /* _6___Tests.m in Sources */,
			);
			runOnlyForDeploymentPostprocessing = 0;
		};
/* End PBXSourcesBuildPhase section */

/* Begin PBXTargetDependency section */
		18CD65D319B84C1D00263695 /* PBXTargetDependency */ = {
			isa = PBXTargetDependency;
			target = 18CD65AB19B84C1D00263695 /* 06-画板 */;
			targetProxy = 18CD65D219B84C1D00263695 /* PBXContainerItemProxy */;
		};
/* End PBXTargetDependency section */

/* Begin PBXVariantGroup section */
		18CD65B819B84C1D00263695 /* InfoPlist.strings */ = {
			isa = PBXVariantGroup;
			children = (
				18CD65B919B84C1D00263695 /* en */,
			);
			name = InfoPlist.strings;
			sourceTree = "<group>";
		};
		18CD65C119B84C1D00263695 /* Main.storyboard */ = {
			isa = PBXVariantGroup;
			children = (
				18CD65C219B84C1D00263695 /* Base */,
			);
			name = Main.storyboard;
			sourceTree = "<group>";
		};
		18CD65D719B84C1D00263695 /* InfoPlist.strings */ = {
			isa = PBXVariantGroup;
			children = (
				18CD65D819B84C1D00263695 /* en */,
			);
			name = InfoPlist.strings;
			sourceTree = "<group>";
		};
/* End PBXVariantGroup section */

/* Begin XCBuildConfiguration section */
		18CD65DC19B84C1D00263695 /* Debug */ = {
			isa = XCBuildConfiguration;
			buildSettings = {
				ALWAYS_SEARCH_USER_PATHS = NO;
				CLANG_CXX_LANGUAGE_STANDARD = "gnu++0x";
				CLANG_CXX_LIBRARY = "libc++";
				CLANG_ENABLE_MODULES = YES;
				CLANG_ENABLE_OBJC_ARC = YES;
				CLANG_WARN_BOOL_CONVERSION = YES;
				CLANG_WARN_CONSTANT_CONVERSION = YES;
				CLANG_WARN_DIRECT_OBJC_ISA_USAGE = YES_ERROR;
				CLANG_WARN_EMPTY_BODY = YES;
				CLANG_WARN_ENUM_CONVERSION = YES;
				CLANG_WARN_INT_CONVERSION = YES;
				CLANG_WARN_OBJC_ROOT_CLASS = YES_ERROR;
				CLANG_WARN__DUPLICATE_METHOD_MATCH = YES;
				"CODE_SIGN_IDENTITY[sdk=iphoneos*]" = "iPhone Developer";
				COPY_PHASE_STRIP = NO;
				GCC_C_LANGUAGE_STANDARD = gnu99;
				GCC_DYNAMIC_NO_PIC = NO;
				GCC_OPTIMIZATION_LEVEL = 0;
				GCC_PREPROCESSOR_DEFINITIONS = (
					"DEBUG=1",
					"$(inherited)",
				);
				GCC_SYMBOLS_PRIVATE_EXTERN = NO;
				GCC_WARN_64_TO_32_BIT_CONVERSION = YES;
				GCC_WARN_ABOUT_RETURN_TYPE = YES_ERROR;
				GCC_WARN_UNDECLARED_SELECTOR = YES;
				GCC_WARN_UNINITIALIZED_AUTOS = YES_AGGRESSIVE;
				GCC_WARN_UNUSED_FUNCTION = YES;
				GCC_WARN_UNUSED_VARIABLE = YES;
				IPHONEOS_DEPLOYMENT_TARGET = 7.1;
				ONLY_ACTIVE_ARCH = YES;
				SDKROOT = iphoneos;
			};
			name = Debug;
		};
		18CD65DD19B84C1D00263695 /* Release */ = {
			isa = XCBuildConfiguration;
			buildSettings = {
				ALWAYS_SEARCH_USER_PATHS = NO;
				CLANG_CXX_LANGUAGE_STANDARD = "gnu++0x";
				CLANG_CXX_LIBRARY = "libc++";
				CLANG_ENABLE_MODULES = YES;
				CLANG_ENABLE_OBJC_ARC = YES;
				CLANG_WARN_BOOL_CONVERSION = YES;
				CLANG_WARN_CONSTANT_CONVERSION = YES;
				CLANG_WARN_DIRECT_OBJC_ISA_USAGE = YES_ERROR;
				CLANG_WARN_EMPTY_BODY = YES;
				CLANG_WARN_ENUM_CONVERSION = YES;
				CLANG_WARN_INT_CONVERSION = YES;
				CLANG_WARN_OBJC_ROOT_CLASS = YES_ERROR;
				CLANG_WARN__DUPLICATE_METHOD_MATCH = YES;
				"CODE_SIGN_IDENTITY[sdk=iphoneos*]" = "iPhone Developer";
				COPY_PHASE_STRIP = YES;
				ENABLE_NS_ASSERTIONS = NO;
				GCC_C_LANGUAGE_STANDARD = gnu99;
				GCC_WARN_64_TO_32_BIT_CONVERSION = YES;
				GCC_WARN_ABOUT_RETURN_TYPE = YES_ERROR;
				GCC_WARN_UNDECLARED_SELECTOR = YES;
				GCC_WARN_UNINITIALIZED_AUTOS = YES_AGGRESSIVE;
				GCC_WARN_UNUSED_FUNCTION = YES;
				GCC_WARN_UNUSED_VARIABLE = YES;
				IPHONEOS_DEPLOYMENT_TARGET = 7.1;
				SDKROOT = iphoneos;
				VALIDATE_PRODUCT = YES;
			};
			name = Release;
		};
		18CD65DF19B84C1D00263695 /* Debug */ = {
			isa = XCBuildConfiguration;
			buildSettings = {
				ASSETCATALOG_COMPILER_APPICON_NAME = AppIcon;
				ASSETCATALOG_COMPILER_LAUNCHIMAGE_NAME = LaunchImage;
				GCC_PRECOMPILE_PREFIX_HEADER = YES;
				GCC_PREFIX_HEADER = "06-画板/06-画板-Prefix.pch";
				INFOPLIST_FILE = "06-画板/06-画板-Info.plist";
				PRODUCT_NAME = "$(TARGET_NAME)";
				WRAPPER_EXTENSION = app;
			};
			name = Debug;
		};
		18CD65E019B84C1D00263695 /* Release */ = {
			isa = XCBuildConfiguration;
			buildSettings = {
				ASSETCATALOG_COMPILER_APPICON_NAME = AppIcon;
				ASSETCATALOG_COMPILER_LAUNCHIMAGE_NAME = LaunchImage;
				GCC_PRECOMPILE_PREFIX_HEADER = YES;
				GCC_PREFIX_HEADER = "06-画板/06-画板-Prefix.pch";
				INFOPLIST_FILE = "06-画板/06-画板-Info.plist";
				PRODUCT_NAME = "$(TARGET_NAME)";
				WRAPPER_EXTENSION = app;
			};
			name = Release;
		};
		18CD65E219B84C1D00263695 /* Debug */ = {
			isa = XCBuildConfiguration;
			buildSettings = {
				BUNDLE_LOADER = "$(BUILT_PRODUCTS_DIR)/06-画板.app/06-画板";
				FRAMEWORK_SEARCH_PATHS = (
					"$(SDKROOT)/Developer/Library/Frameworks",
					"$(inherited)",
					"$(DEVELOPER_FRAMEWORKS_DIR)",
				);
				GCC_PRECOMPILE_PREFIX_HEADER = YES;
				GCC_PREFIX_HEADER = "06-画板/06-画板-Prefix.pch";
				GCC_PREPROCESSOR_DEFINITIONS = (
					"DEBUG=1",
					"$(inherited)",
				);
				INFOPLIST_FILE = "06-画板Tests/06-画板Tests-Info.plist";
				PRODUCT_NAME = "$(TARGET_NAME)";
				TEST_HOST = "$(BUNDLE_LOADER)";
				WRAPPER_EXTENSION = xctest;
			};
			name = Debug;
		};
		18CD65E319B84C1D00263695 /* Release */ = {
			isa = XCBuildConfiguration;
			buildSettings = {
				BUNDLE_LOADER = "$(BUILT_PRODUCTS_DIR)/06-画板.app/06-画板";
				FRAMEWORK_SEARCH_PATHS = (
					"$(SDKROOT)/Developer/Library/Frameworks",
					"$(inherited)",
					"$(DEVELOPER_FRAMEWORKS_DIR)",
				);
				GCC_PRECOMPILE_PREFIX_HEADER = YES;
				GCC_PREFIX_HEADER = "06-画板/06-画板-Prefix.pch";
				INFOPLIST_FILE = "06-画板Tests/06-画板Tests-Info.plist";
				PRODUCT_NAME = "$(TARGET_NAME)";
				TEST_HOST = "$(BUNDLE_LOADER)";
				WRAPPER_EXTENSION = xctest;
			};
			name = Release;
		};
/* End XCBuildConfiguration section */

/* Begin XCConfigurationList section */
		18CD65A719B84C1D00263695 /* Build configuration list for PBXProject "06-画板" */ = {
			isa = XCConfigurationList;
			buildConfigurations = (
				18CD65DC19B84C1D00263695 /* Debug */,
				18CD65DD19B84C1D00263695 /* Release */,
			);
			defaultConfigurationIsVisible = 0;
			defaultConfigurationName = Release;
		};
		18CD65DE19B84C1D00263695 /* Build configuration list for PBXNativeTarget "06-画板" */ = {
			isa = XCConfigurationList;
			buildConfigurations = (
				18CD65DF19B84C1D00263695 /* Debug */,
				18CD65E019B84C1D00263695 /* Release */,
			);
			defaultConfigurationIsVisible = 0;
			defaultConfigurationName = Release;
		};
		18CD65E119B84C1D00263695 /* Build configuration list for PBXNativeTarget "06-画板Tests" */ = {
			isa = XCConfigurationList;
			buildConfigurations = (
				18CD65E219B84C1D00263695 /* Debug */,
				18CD65E319B84C1D00263695 /* Release */,
			);
			defaultConfigurationIsVisible = 0;
			defaultConfigurationName = Release;
		};
/* End XCConfigurationList section */
	};
	rootObject = 18CD65A419B84C1D00263695 /* Project object */;
}
